
Microsoft Visual Studio Solution File, Format Version 12.00
# Visual Studio Version 16
VisualStudioVersion = 16.0.29613.14
MinimumVisualStudioVersion = 10.0.40219.1
Project("{9A19103F-16F7-4668-BE54-9A1E7A4F7556}") = "VenkatCore", "VenkatCore\VenkatCore.csproj", "{6319FC7F-CCA0-464B-96D3-704CFAF6FCE9}"
EndProject
Project("{9A19103F-16F7-4668-BE54-9A1E7A4F7556}") = "PieShop", "PieShop\PieShop.csproj", "{7C7CCC12-9C29-444E-B08E-E5383E554336}"
EndProject
Project("{9A19103F-16F7-4668-BE54-9A1E7A4F7556}") = "DipendencyInjectionBasics", "DipendencyInjectionBasics\DipendencyInjectionBasics.csproj", "{3308D417-78F3-445D-BE55-34EB427093E1}"
EndProject
Project("{9A19103F-16F7-4668-BE54-9A1E7A4F7556}") = "EFCoreBasics", "EFCoreBasics\EFCoreBasics.csproj", "{0CE980F6-B3EC-45B8-A3DA-2218BDD1EC4A}"
EndProject
Project("{9A19103F-16F7-4668-BE54-9A1E7A4F7556}") = "WebAppTest", "WebAppTest\WebAppTest.csproj", "{66C1B5C8-0AB5-4527-B590-5C2CB6AA86B2}"
EndProject
Project("{2150E333-8FDC-42A3-9474-1A3956D46DE8}") = "DipendencyInjection", "DipendencyInjection", "{74AD7EF3-340E-468D-9ADD-A2919FA0503C}"
EndProject
Project("{2150E333-8FDC-42A3-9474-1A3956D46DE8}") = "EF Core", "EF Core", "{C7342B1A-75AF-4CF4-A445-B5130058EAF4}"
EndProject
Project("{9A19103F-16F7-4668-BE54-9A1E7A4F7556}") = "EFCoreTestingWebApp", "EFCoreTestingWebApp\EFCoreTestingWebApp.csproj", "{BDDCA011-45FC-47E2-9D18-763976678F3C}"
EndProject
Project("{2150E333-8FDC-42A3-9474-1A3956D46DE8}") = "0 Notes", "0 Notes", "{1C30125F-354F-410F-8EBD-C7E862EDD395}"
	ProjectSection(SolutionItems) = preProject
		0 Scott Set Startup project as other when migration.txt = 0 Scott Set Startup project as other when migration.txt
		0 Shawn EF Need Only - EfCore.SqlServer and EfCore.Design  .txt = 0 Shawn EF Need Only - EfCore.SqlServer and EfCore.Design  .txt
		Dependencies analyser warning - Yellow Colouring.txt = Dependencies analyser warning - Yellow Colouring.txt
		Ef DatabaseGeneratedOption.txt = Ef DatabaseGeneratedOption.txt
		EF Set startup project and Migration Output Dir.txt = EF Set startup project and Migration Output Dir.txt
		Nuget packages Installed Location.txt = Nuget packages Installed Location.txt
		IrrigationWebSystem\0 Notes\scaffold-DbContext.txt = IrrigationWebSystem\0 Notes\scaffold-DbContext.txt
		SqlServer remote access configuration .txt = SqlServer remote access configuration .txt
		telnet check work sqlserver remotely .txt = telnet check work sqlserver remotely .txt
		What is Domain Layer-Domain Model.txt = What is Domain Layer-Domain Model.txt
	EndProjectSection
EndProject
Project("{2150E333-8FDC-42A3-9474-1A3956D46DE8}") = "DotNetBasics", "DotNetBasics", "{A6A41BB7-555B-455B-BDEE-13EA63315BCF}"
EndProject
Project("{9A19103F-16F7-4668-BE54-9A1E7A4F7556}") = "DotNetBasic", "DotNetBasic\DotNetBasic.csproj", "{D026A59B-2B7B-4434-9CFE-DF7F58DE1D0B}"
EndProject
Project("{9A19103F-16F7-4668-BE54-9A1E7A4F7556}") = "Shawn", "Shawn\Shawn.csproj", "{48562C1D-E337-4EA0-B5E6-87BC7F24855C}"
EndProject
Project("{2150E333-8FDC-42A3-9474-1A3956D46DE8}") = "ShoppingCarts", "ShoppingCarts", "{42CE9F7C-CD3C-4F5F-9920-7BE4F32DDBCA}"
EndProject
Project("{FAE04EC0-301F-11D3-BF4B-00C04F79EFBC}") = "ShoppingCartBasicsMVC", "ShoppingCartBasicsMVC\ShoppingCartBasicsMVC.csproj", "{555D6ECA-B78F-465B-9273-377E3675BE52}"
EndProject
Project("{9A19103F-16F7-4668-BE54-9A1E7A4F7556}") = "ShoppingCartDrinks", "ShoppingCartDrinks\ShoppingCartDrinks.csproj", "{3D689788-110D-492F-99C1-FCB732A50F4E}"
EndProject
Project("{9A19103F-16F7-4668-BE54-9A1E7A4F7556}") = "StudyMash", "StudyMash\StudyMash.csproj", "{55C76E45-6AA6-47B0-8052-58CB2B1A12C3}"
EndProject
Project("{9A19103F-16F7-4668-BE54-9A1E7A4F7556}") = "IrrigationWebSystem", "IrrigationWebSystem\IrrigationWebSystem.csproj", "{7EE5E145-DD41-4832-895C-4DEB9F5E6C63}"
EndProject
Project("{9A19103F-16F7-4668-BE54-9A1E7A4F7556}") = "IrrigationOldDbModelProject", "IrrigationOldDbModelProject\IrrigationOldDbModelProject.csproj", "{5A20E649-00CA-49DC-9348-8BC114510B2C}"
EndProject
Project("{2150E333-8FDC-42A3-9474-1A3956D46DE8}") = "Blazor Venkat", "Blazor Venkat", "{5E9CEE1C-78D7-4DEC-9001-B5A7529ABFE8}"
EndProject
Project("{2150E333-8FDC-42A3-9474-1A3956D46DE8}") = "Blazor Patrick", "Blazor Patrick", "{4D3085BE-2454-4E35-B331-5D14DDCF4A16}"
EndProject
Project("{9A19103F-16F7-4668-BE54-9A1E7A4F7556}") = "BlazorBlog.Client", "BlazorBlog.Client\BlazorBlog.Client.csproj", "{BAAD604C-212F-433A-8C02-37F0F843BC5D}"
EndProject
Project("{9A19103F-16F7-4668-BE54-9A1E7A4F7556}") = "BlazorBlog.Shared", "BlazorBlog.Shared\BlazorBlog.Shared.csproj", "{0FCC684C-7DE9-48BE-BAC8-7A2E3A899633}"
EndProject
Project("{2150E333-8FDC-42A3-9474-1A3956D46DE8}") = "Blazor Cleeren", "Blazor Cleeren", "{B0FCA58D-3E43-42A9-BCA0-CF2AB1704AFD}"
EndProject
Project("{FAE04EC0-301F-11D3-BF4B-00C04F79EFBC}") = "EmployeeManagement.Models", "EmployeeManagement.Models\EmployeeManagement.Models.csproj", "{A5BF7684-D690-4915-86A1-B953D8E128EB}"
EndProject
Project("{FAE04EC0-301F-11D3-BF4B-00C04F79EFBC}") = "EmployeeManagement.Web", "EmployeeManagement.Web\EmployeeManagement.Web.csproj", "{4102DAAC-227F-4563-A365-D94A81EB81BB}"
EndProject
Global
	GlobalSection(SolutionConfigurationPlatforms) = preSolution
		Debug|Any CPU = Debug|Any CPU
		Release|Any CPU = Release|Any CPU
	EndGlobalSection
	GlobalSection(ProjectConfigurationPlatforms) = postSolution
		{6319FC7F-CCA0-464B-96D3-704CFAF6FCE9}.Debug|Any CPU.ActiveCfg = Debug|Any CPU
		{6319FC7F-CCA0-464B-96D3-704CFAF6FCE9}.Debug|Any CPU.Build.0 = Debug|Any CPU
		{6319FC7F-CCA0-464B-96D3-704CFAF6FCE9}.Release|Any CPU.ActiveCfg = Release|Any CPU
		{6319FC7F-CCA0-464B-96D3-704CFAF6FCE9}.Release|Any CPU.Build.0 = Release|Any CPU
		{7C7CCC12-9C29-444E-B08E-E5383E554336}.Debug|Any CPU.ActiveCfg = Debug|Any CPU
		{7C7CCC12-9C29-444E-B08E-E5383E554336}.Debug|Any CPU.Build.0 = Debug|Any CPU
		{7C7CCC12-9C29-444E-B08E-E5383E554336}.Release|Any CPU.ActiveCfg = Release|Any CPU
		{7C7CCC12-9C29-444E-B08E-E5383E554336}.Release|Any CPU.Build.0 = Release|Any CPU
		{3308D417-78F3-445D-BE55-34EB427093E1}.Debug|Any CPU.ActiveCfg = Debug|Any CPU
		{3308D417-78F3-445D-BE55-34EB427093E1}.Debug|Any CPU.Build.0 = Debug|Any CPU
		{3308D417-78F3-445D-BE55-34EB427093E1}.Release|Any CPU.ActiveCfg = Release|Any CPU
		{3308D417-78F3-445D-BE55-34EB427093E1}.Release|Any CPU.Build.0 = Release|Any CPU
		{0CE980F6-B3EC-45B8-A3DA-2218BDD1EC4A}.Debug|Any CPU.ActiveCfg = Debug|Any CPU
		{0CE980F6-B3EC-45B8-A3DA-2218BDD1EC4A}.Debug|Any CPU.Build.0 = Debug|Any CPU
		{0CE980F6-B3EC-45B8-A3DA-2218BDD1EC4A}.Release|Any CPU.ActiveCfg = Release|Any CPU
		{0CE980F6-B3EC-45B8-A3DA-2218BDD1EC4A}.Release|Any CPU.Build.0 = Release|Any CPU
		{66C1B5C8-0AB5-4527-B590-5C2CB6AA86B2}.Debug|Any CPU.ActiveCfg = Debug|Any CPU
		{66C1B5C8-0AB5-4527-B590-5C2CB6AA86B2}.Debug|Any CPU.Build.0 = Debug|Any CPU
		{66C1B5C8-0AB5-4527-B590-5C2CB6AA86B2}.Release|Any CPU.ActiveCfg = Release|Any CPU
		{66C1B5C8-0AB5-4527-B590-5C2CB6AA86B2}.Release|Any CPU.Build.0 = Release|Any CPU
		{BDDCA011-45FC-47E2-9D18-763976678F3C}.Debug|Any CPU.ActiveCfg = Debug|Any CPU
		{BDDCA011-45FC-47E2-9D18-763976678F3C}.Debug|Any CPU.Build.0 = Debug|Any CPU
		{BDDCA011-45FC-47E2-9D18-763976678F3C}.Release|Any CPU.ActiveCfg = Release|Any CPU
		{BDDCA011-45FC-47E2-9D18-763976678F3C}.Release|Any CPU.Build.0 = Release|Any CPU
		{D026A59B-2B7B-4434-9CFE-DF7F58DE1D0B}.Debug|Any CPU.ActiveCfg = Debug|Any CPU
		{D026A59B-2B7B-4434-9CFE-DF7F58DE1D0B}.Debug|Any CPU.Build.0 = Debug|Any CPU
		{D026A59B-2B7B-4434-9CFE-DF7F58DE1D0B}.Release|Any CPU.ActiveCfg = Release|Any CPU
		{D026A59B-2B7B-4434-9CFE-DF7F58DE1D0B}.Release|Any CPU.Build.0 = Release|Any CPU
		{48562C1D-E337-4EA0-B5E6-87BC7F24855C}.Debug|Any CPU.ActiveCfg = Debug|Any CPU
		{48562C1D-E337-4EA0-B5E6-87BC7F24855C}.Debug|Any CPU.Build.0 = Debug|Any CPU
		{48562C1D-E337-4EA0-B5E6-87BC7F24855C}.Release|Any CPU.ActiveCfg = Release|Any CPU
		{48562C1D-E337-4EA0-B5E6-87BC7F24855C}.Release|Any CPU.Build.0 = Release|Any CPU
		{555D6ECA-B78F-465B-9273-377E3675BE52}.Debug|Any CPU.ActiveCfg = Debug|Any CPU
		{555D6ECA-B78F-465B-9273-377E3675BE52}.Debug|Any CPU.Build.0 = Debug|Any CPU
		{555D6ECA-B78F-465B-9273-377E3675BE52}.Release|Any CPU.ActiveCfg = Release|Any CPU
		{555D6ECA-B78F-465B-9273-377E3675BE52}.Release|Any CPU.Build.0 = Release|Any CPU
		{3D689788-110D-492F-99C1-FCB732A50F4E}.Debug|Any CPU.ActiveCfg = Debug|Any CPU
		{3D689788-110D-492F-99C1-FCB732A50F4E}.Debug|Any CPU.Build.0 = Debug|Any CPU
		{3D689788-110D-492F-99C1-FCB732A50F4E}.Release|Any CPU.ActiveCfg = Release|Any CPU
		{3D689788-110D-492F-99C1-FCB732A50F4E}.Release|Any CPU.Build.0 = Release|Any CPU
		{55C76E45-6AA6-47B0-8052-58CB2B1A12C3}.Debug|Any CPU.ActiveCfg = Debug|Any CPU
		{55C76E45-6AA6-47B0-8052-58CB2B1A12C3}.Debug|Any CPU.Build.0 = Debug|Any CPU
		{55C76E45-6AA6-47B0-8052-58CB2B1A12C3}.Release|Any CPU.ActiveCfg = Release|Any CPU
		{55C76E45-6AA6-47B0-8052-58CB2B1A12C3}.Release|Any CPU.Build.0 = Release|Any CPU
		{7EE5E145-DD41-4832-895C-4DEB9F5E6C63}.Debug|Any CPU.ActiveCfg = Debug|Any CPU
		{7EE5E145-DD41-4832-895C-4DEB9F5E6C63}.Debug|Any CPU.Build.0 = Debug|Any CPU
		{7EE5E145-DD41-4832-895C-4DEB9F5E6C63}.Release|Any CPU.ActiveCfg = Release|Any CPU
		{7EE5E145-DD41-4832-895C-4DEB9F5E6C63}.Release|Any CPU.Build.0 = Release|Any CPU
		{5A20E649-00CA-49DC-9348-8BC114510B2C}.Debug|Any CPU.ActiveCfg = Debug|Any CPU
		{5A20E649-00CA-49DC-9348-8BC114510B2C}.Debug|Any CPU.Build.0 = Debug|Any CPU
		{5A20E649-00CA-49DC-9348-8BC114510B2C}.Release|Any CPU.ActiveCfg = Release|Any CPU
		{5A20E649-00CA-49DC-9348-8BC114510B2C}.Release|Any CPU.Build.0 = Release|Any CPU
		{BAAD604C-212F-433A-8C02-37F0F843BC5D}.Debug|Any CPU.ActiveCfg = Debug|Any CPU
		{BAAD604C-212F-433A-8C02-37F0F843BC5D}.Debug|Any CPU.Build.0 = Debug|Any CPU
		{BAAD604C-212F-433A-8C02-37F0F843BC5D}.Release|Any CPU.ActiveCfg = Release|Any CPU
		{BAAD604C-212F-433A-8C02-37F0F843BC5D}.Release|Any CPU.Build.0 = Release|Any CPU
		{0FCC684C-7DE9-48BE-BAC8-7A2E3A899633}.Debug|Any CPU.ActiveCfg = Debug|Any CPU
		{0FCC684C-7DE9-48BE-BAC8-7A2E3A899633}.Debug|Any CPU.Build.0 = Debug|Any CPU
		{0FCC684C-7DE9-48BE-BAC8-7A2E3A899633}.Release|Any CPU.ActiveCfg = Release|Any CPU
		{0FCC684C-7DE9-48BE-BAC8-7A2E3A899633}.Release|Any CPU.Build.0 = Release|Any CPU
		{A5BF7684-D690-4915-86A1-B953D8E128EB}.Debug|Any CPU.ActiveCfg = Debug|Any CPU
		{A5BF7684-D690-4915-86A1-B953D8E128EB}.Debug|Any CPU.Build.0 = Debug|Any CPU
		{A5BF7684-D690-4915-86A1-B953D8E128EB}.Release|Any CPU.ActiveCfg = Release|Any CPU
		{A5BF7684-D690-4915-86A1-B953D8E128EB}.Release|Any CPU.Build.0 = Release|Any CPU
		{4102DAAC-227F-4563-A365-D94A81EB81BB}.Debug|Any CPU.ActiveCfg = Debug|Any CPU
		{4102DAAC-227F-4563-A365-D94A81EB81BB}.Debug|Any CPU.Build.0 = Debug|Any CPU
		{4102DAAC-227F-4563-A365-D94A81EB81BB}.Release|Any CPU.ActiveCfg = Release|Any CPU
		{4102DAAC-227F-4563-A365-D94A81EB81BB}.Release|Any CPU.Build.0 = Release|Any CPU
	EndGlobalSection
	GlobalSection(SolutionProperties) = preSolution
		HideSolutionNode = FALSE
	EndGlobalSection
	GlobalSection(NestedProjects) = preSolution
		{3308D417-78F3-445D-BE55-34EB427093E1} = {74AD7EF3-340E-468D-9ADD-A2919FA0503C}
		{0CE980F6-B3EC-45B8-A3DA-2218BDD1EC4A} = {C7342B1A-75AF-4CF4-A445-B5130058EAF4}
		{BDDCA011-45FC-47E2-9D18-763976678F3C} = {C7342B1A-75AF-4CF4-A445-B5130058EAF4}
		{D026A59B-2B7B-4434-9CFE-DF7F58DE1D0B} = {A6A41BB7-555B-455B-BDEE-13EA63315BCF}
		{555D6ECA-B78F-465B-9273-377E3675BE52} = {42CE9F7C-CD3C-4F5F-9920-7BE4F32DDBCA}
		{3D689788-110D-492F-99C1-FCB732A50F4E} = {42CE9F7C-CD3C-4F5F-9920-7BE4F32DDBCA}
		{BAAD604C-212F-433A-8C02-37F0F843BC5D} = {4D3085BE-2454-4E35-B331-5D14DDCF4A16}
		{0FCC684C-7DE9-48BE-BAC8-7A2E3A899633} = {4D3085BE-2454-4E35-B331-5D14DDCF4A16}
		{A5BF7684-D690-4915-86A1-B953D8E128EB} = {5E9CEE1C-78D7-4DEC-9001-B5A7529ABFE8}
		{4102DAAC-227F-4563-A365-D94A81EB81BB} = {5E9CEE1C-78D7-4DEC-9001-B5A7529ABFE8}
	EndGlobalSection
	GlobalSection(ExtensibilityGlobals) = postSolution
		SolutionGuid = {8B3F1370-C8B7-4D78-BAE1-D4A8FB2EFC0A}
	EndGlobalSection
EndGlobal
